NeoBundleLock ag.vim f755abfb1c4e4e3f59f6cfa25ce16edb5af9e516
NeoBundleLock neobundle.vim 108ce2c80e0af6898f967f4df7ff189368351ff6
NeoBundleLock neocomplete 70db83a47098312d6b51dae983bbb6974385c618
NeoBundleLock neosnippet 5faebdef65ce35501d6caac601cd871e377dfc9a
NeoBundleLock neosnippet-snippets 6f62bab068c94aa595f4158bc3036e1acd9bc95f
NeoBundleLock nerdtree 86e2e40af161e65a3ad671214f16f23af360a5a7
NeoBundleLock unite.vim c3265691a917aa22ae18ed422f255d5f0e43d2ec
NeoBundleLock vim-fugitive 03cc95cc198ea94a6a003a92cd0e58af4416ec25
NeoBundleLock vim-polyglot 67fcbd2a8632d5ab7895e34acb084117e5d0ea17
NeoBundleLock vim-surround 772ab9587b7d1e2c3bae75395c9123803059ba8a
NeoBundleLock vim-visual-star-search 280b4c635d2043558c1257540a128b7c8f818a88
NeoBundleLock vimproc.vim 6b8b3c724e161f39c0938046a2072f9668fc802b
