NeoBundleLock ag.vim 4a0dd6e190f446e5a016b44fdaa2feafc582918e
NeoBundleLock calendar-vim 867d0cd2d9388e7f1a88f5fe4da23461422fa8fb
NeoBundleLock eregex.vim 950027d5942c7dc5f4cbcfdea7df360da9360697
NeoBundleLock jellybeans.vim 36f4f82bd7749928ba4e61a58b2e76effb6ecd66
NeoBundleLock molokai c67bdfcdb31415aa0ade7f8c003261700a885476
NeoBundleLock neobundle.vim 1306c131ff0a6cc094b7ff0727350e442b5427f1
NeoBundleLock neocomplete d3b4d2860ec34648a2d6df4631718a6a7cfa5d40
NeoBundleLock neosnippet 45b6a8688cc743f3855b866ff47b0f0e9481bf8d
NeoBundleLock neosnippet-snippets ec928a971f32150119f0ab73d289ea82e2740ae0
NeoBundleLock nerdtree 72c3656799289d4635520c28e17f737066ce19d6
NeoBundleLock nvim-code-kata ee576c573897795d837ef3c00daacf0120385e9b
NeoBundleLock nvim-terminal-velocity 5fb8f102866a6c37ef0d51a763fb9ca55f5fc070
NeoBundleLock targets.vim 55c9c40e47af660677725b68fcfe7e88d9985889
NeoBundleLock unite.vim f08df66abda88a83f0436e0bd1ffa05009a9645a
NeoBundleLock utl.vim 67a6506a7a8a3847d00d3af3e2ed9707460d5ce5
NeoBundleLock vim-airline 72888d87ea57761f21c9f67cd0c0faa5904795eb
NeoBundleLock vim-better-whitespace 70a38fa9683e8cd0635264dd1b69c6ccbee4e3e7
NeoBundleLock vim-eunuch 10da325fb032a1acfa9222d273459f53bad30ba4
NeoBundleLock vim-fugitive b66141e2523e03c3b71874fc2c7ae6989af7b335
NeoBundleLock vim-go cbdd072534c0b59dfa8c1d69c73b053364cc9cbd
NeoBundleLock vim-orgmode 35e94218c12a0c063b4b3a9b48e7867578e1e13c
NeoBundleLock vim-polyglot c161994e9607399a7b365ab274592bfc4f100306
NeoBundleLock vim-speeddating 799cd3473bc64adcb6b556bf349f549570666b62
NeoBundleLock vim-surround 597068870b8f093a8b2d11536c62ff31222ee8d0
NeoBundleLock vim-visual-star-search fa55818903301d61cef67341d3524a63a14bc033
NeoBundleLock vimproc.vim 9136f03680db82c552f4a84e3b461f83c6e232d5
