NeoBundleLock go.vim 45b8608972778a5bba9b0822a2e6a52cfcd11e67
NeoBundleLock neobundle.vim 108ce2c80e0af6898f967f4df7ff189368351ff6
NeoBundleLock neocomplete 70db83a47098312d6b51dae983bbb6974385c618
NeoBundleLock neosnippet 5faebdef65ce35501d6caac601cd871e377dfc9a
NeoBundleLock neosnippet-snippets 6f62bab068c94aa595f4158bc3036e1acd9bc95f
NeoBundleLock nerdtree 86e2e40af161e65a3ad671214f16f23af360a5a7
NeoBundleLock rust.vim 2450ecf3091cc7c2711ca9f00eae8e3bedd04376
NeoBundleLock unite.vim c3265691a917aa22ae18ed422f255d5f0e43d2ec
NeoBundleLock vim-markdown 81e1f07a8482b34ea8c59f6800e7e8dec7bf56b9
NeoBundleLock vim-surround 772ab9587b7d1e2c3bae75395c9123803059ba8a
NeoBundleLock vimproc.vim 6b8b3c724e161f39c0938046a2072f9668fc802b
